
Microsoft Visual Studio Solution File, Format Version 12.00
# Visual Studio 15
VisualStudioVersion = 15.0.27428.2027
MinimumVisualStudioVersion = 10.0.40219.1
Project("{FAE04EC0-301F-11D3-BF4B-00C04F79EFBC}") = "SingleAPI", "SingleAPI\SingleAPI.csproj", "{DEEB3DFC-71E6-43A1-983F-6FD5BBB38B30}"
EndProject
Project("{FAE04EC0-301F-11D3-BF4B-00C04F79EFBC}") = "Common", "Common\Common.csproj", "{8674BF3F-73EC-4203-8FBA-2F5989C5997C}"
EndProject
Project("{FAE04EC0-301F-11D3-BF4B-00C04F79EFBC}") = "Domain", "Domain\Domain.csproj", "{D0EEC5C3-CDDE-4D47-AB52-5D11954911B2}"
EndProject
Project("{FAE04EC0-301F-11D3-BF4B-00C04F79EFBC}") = "Repository", "Repository\Repository.csproj", "{40DD2BB9-0E1B-4BCE-AFA3-D643A42B6075}"
EndProject
Project("{FAE04EC0-301F-11D3-BF4B-00C04F79EFBC}") = "ServiceAPI", "ServiceAPI\ServiceAPI.csproj", "{84B4518C-ED7B-45FD-8A0F-DD0CEB80605F}"
EndProject
Global
	GlobalSection(SolutionConfigurationPlatforms) = preSolution
		Debug|Any CPU = Debug|Any CPU
		Release|Any CPU = Release|Any CPU
	EndGlobalSection
	GlobalSection(ProjectConfigurationPlatforms) = postSolution
		{DEEB3DFC-71E6-43A1-983F-6FD5BBB38B30}.Debug|Any CPU.ActiveCfg = Debug|Any CPU
		{DEEB3DFC-71E6-43A1-983F-6FD5BBB38B30}.Debug|Any CPU.Build.0 = Debug|Any CPU
		{DEEB3DFC-71E6-43A1-983F-6FD5BBB38B30}.Release|Any CPU.ActiveCfg = Release|Any CPU
		{DEEB3DFC-71E6-43A1-983F-6FD5BBB38B30}.Release|Any CPU.Build.0 = Release|Any CPU
		{8674BF3F-73EC-4203-8FBA-2F5989C5997C}.Debug|Any CPU.ActiveCfg = Debug|Any CPU
		{8674BF3F-73EC-4203-8FBA-2F5989C5997C}.Debug|Any CPU.Build.0 = Debug|Any CPU
		{8674BF3F-73EC-4203-8FBA-2F5989C5997C}.Release|Any CPU.ActiveCfg = Release|Any CPU
		{8674BF3F-73EC-4203-8FBA-2F5989C5997C}.Release|Any CPU.Build.0 = Release|Any CPU
		{D0EEC5C3-CDDE-4D47-AB52-5D11954911B2}.Debug|Any CPU.ActiveCfg = Debug|Any CPU
		{D0EEC5C3-CDDE-4D47-AB52-5D11954911B2}.Debug|Any CPU.Build.0 = Debug|Any CPU
		{D0EEC5C3-CDDE-4D47-AB52-5D11954911B2}.Release|Any CPU.ActiveCfg = Release|Any CPU
		{D0EEC5C3-CDDE-4D47-AB52-5D11954911B2}.Release|Any CPU.Build.0 = Release|Any CPU
		{40DD2BB9-0E1B-4BCE-AFA3-D643A42B6075}.Debug|Any CPU.ActiveCfg = Debug|Any CPU
		{40DD2BB9-0E1B-4BCE-AFA3-D643A42B6075}.Debug|Any CPU.Build.0 = Debug|Any CPU
		{40DD2BB9-0E1B-4BCE-AFA3-D643A42B6075}.Release|Any CPU.ActiveCfg = Release|Any CPU
		{40DD2BB9-0E1B-4BCE-AFA3-D643A42B6075}.Release|Any CPU.Build.0 = Release|Any CPU
		{84B4518C-ED7B-45FD-8A0F-DD0CEB80605F}.Debug|Any CPU.ActiveCfg = Debug|Any CPU
		{84B4518C-ED7B-45FD-8A0F-DD0CEB80605F}.Debug|Any CPU.Build.0 = Debug|Any CPU
		{84B4518C-ED7B-45FD-8A0F-DD0CEB80605F}.Release|Any CPU.ActiveCfg = Release|Any CPU
		{84B4518C-ED7B-45FD-8A0F-DD0CEB80605F}.Release|Any CPU.Build.0 = Release|Any CPU
	EndGlobalSection
	GlobalSection(SolutionProperties) = preSolution
		HideSolutionNode = FALSE
	EndGlobalSection
	GlobalSection(ExtensibilityGlobals) = postSolution
		SolutionGuid = {0DE6D7BC-2886-480A-9586-6E9F035F637E}
	EndGlobalSection
EndGlobal
